Microsoft Visual Studio Solution File, Format Version 12.00
# Visual Studio Version 16
VisualStudioVersion = 16.0.30611.23
MinimumVisualStudioVersion = 10.0.40219.1
Project("{2150E333-8FDC-42A3-9474-1A3956D46DE8}") = "project", "project", "{BF60BC93-E09B-4E5F-9D85-95A519479D54}"
	ProjectSection(SolutionItems) = preProject
		README.md = README.md
		RELEASE_NOTES.md = RELEASE_NOTES.md
	EndProjectSection
EndProject
Project("{2150E333-8FDC-42A3-9474-1A3956D46DE8}") = "tests", "tests", "{ED8079DD-2B06-4030-9F0F-DC548F98E1C4}"
EndProject
Project("{2150E333-8FDC-42A3-9474-1A3956D46DE8}") = "examples", "examples", "{8CC185AC-1D97-41F9-BBF1-09D892CA18B9}"
	ProjectSection(SolutionItems) = preProject
		examples\at-least-once-delivery.fsx = examples\at-least-once-delivery.fsx
		examples\basic.fsx = examples\basic.fsx
		examples\cluster-nodes-status.fsx = examples\cluster-nodes-status.fsx
		examples\cluster-sharding.fsx = examples\cluster-sharding.fsx
		examples\dist-pub-sub.fsx = examples\dist-pub-sub.fsx
		examples\distributed-data.fsx = examples\distributed-data.fsx
		examples\io.fsx = examples\io.fsx
		examples\lifecycle.fsx = examples\lifecycle.fsx
		examples\persistence-streams.fsx = examples\persistence-streams.fsx
		examples\persistence.fsx = examples\persistence.fsx
		examples\remote.fsx = examples\remote.fsx
		examples\streams.fsx = examples\streams.fsx
	EndProjectSection
EndProject
Project("{6EC3EE1D-3C4E-46DD-8F32-0CC8E7565705}") = "Akkling", "src\Akkling\Akkling.fsproj", "{E50C125A-0377-4F03-B615-A30A63343ED5}"
EndProject
Project("{6EC3EE1D-3C4E-46DD-8F32-0CC8E7565705}") = "Akkling.Streams", "src\Akkling.Streams\Akkling.Streams.fsproj", "{85D016D8-15C9-4F3A-856A-FA2FF242A639}"
EndProject
Project("{6EC3EE1D-3C4E-46DD-8F32-0CC8E7565705}") = "Akkling.Persistence", "src\Akkling.Persistence\Akkling.Persistence.fsproj", "{4DA81EFB-5C88-48EB-9E6A-3092B5C741B7}"
EndProject
Project("{6EC3EE1D-3C4E-46DD-8F32-0CC8E7565705}") = "Akkling.TestKit", "src\Akkling.TestKit\Akkling.TestKit.fsproj", "{9197ADEE-4A2F-4D34-8369-5C28A075C381}"
EndProject
Project("{6EC3EE1D-3C4E-46DD-8F32-0CC8E7565705}") = "Akkling.DistributedData", "src\Akkling.DistributedData\Akkling.DistributedData.fsproj", "{6311E40F-824E-4634-8AB1-1B4DB5FD9379}"
EndProject
Project("{6EC3EE1D-3C4E-46DD-8F32-0CC8E7565705}") = "Akkling.Cluster.Sharding", "src\Akkling.Cluster.Sharding\Akkling.Cluster.Sharding.fsproj", "{83E84AD0-AA58-40F2-93D7-A5AE381D8F15}"
EndProject
Project("{6EC3EE1D-3C4E-46DD-8F32-0CC8E7565705}") = "Akkling.Tests", "tests\Akkling.Tests\Akkling.Tests.fsproj", "{574F1D50-44F6-453C-B36E-F9067EF5A938}"
EndProject
Project("{6EC3EE1D-3C4E-46DD-8F32-0CC8E7565705}") = "Akkling.Streams.TestKit", "src\Akkling.Streams.TestKit\Akkling.Streams.TestKit.fsproj", "{5FCF0FB2-3C53-4CC5-8383-89888422D40C}"
EndProject
Project("{6EC3EE1D-3C4E-46DD-8F32-0CC8E7565705}") = "Akkling.Hocon", "src\Akkling.Hocon\Akkling.Hocon.fsproj", "{4E04FB08-075D-4E83-8644-B0A5382E78EF}"
EndProject
Global
	GlobalSection(SolutionConfigurationPlatforms) = preSolution
		Debug|Any CPU = Debug|Any CPU
		Release|Any CPU = Release|Any CPU
	EndGlobalSection
	GlobalSection(ProjectConfigurationPlatforms) = postSolution
		{E50C125A-0377-4F03-B615-A30A63343ED5}.Debug|Any CPU.ActiveCfg = Debug|Any CPU
		{E50C125A-0377-4F03-B615-A30A63343ED5}.Debug|Any CPU.Build.0 = Debug|Any CPU
		{E50C125A-0377-4F03-B615-A30A63343ED5}.Release|Any CPU.ActiveCfg = Release|Any CPU
		{E50C125A-0377-4F03-B615-A30A63343ED5}.Release|Any CPU.Build.0 = Release|Any CPU
		{85D016D8-15C9-4F3A-856A-FA2FF242A639}.Debug|Any CPU.ActiveCfg = Debug|Any CPU
		{85D016D8-15C9-4F3A-856A-FA2FF242A639}.Debug|Any CPU.Build.0 = Debug|Any CPU
		{85D016D8-15C9-4F3A-856A-FA2FF242A639}.Release|Any CPU.ActiveCfg = Release|Any CPU
		{85D016D8-15C9-4F3A-856A-FA2FF242A639}.Release|Any CPU.Build.0 = Release|Any CPU
		{4DA81EFB-5C88-48EB-9E6A-3092B5C741B7}.Debug|Any CPU.ActiveCfg = Debug|Any CPU
		{4DA81EFB-5C88-48EB-9E6A-3092B5C741B7}.Debug|Any CPU.Build.0 = Debug|Any CPU
		{4DA81EFB-5C88-48EB-9E6A-3092B5C741B7}.Release|Any CPU.ActiveCfg = Release|Any CPU
		{4DA81EFB-5C88-48EB-9E6A-3092B5C741B7}.Release|Any CPU.Build.0 = Release|Any CPU
		{9197ADEE-4A2F-4D34-8369-5C28A075C381}.Debug|Any CPU.ActiveCfg = Debug|Any CPU
		{9197ADEE-4A2F-4D34-8369-5C28A075C381}.Debug|Any CPU.Build.0 = Debug|Any CPU
		{9197ADEE-4A2F-4D34-8369-5C28A075C381}.Release|Any CPU.ActiveCfg = Release|Any CPU
		{9197ADEE-4A2F-4D34-8369-5C28A075C381}.Release|Any CPU.Build.0 = Release|Any CPU
		{6311E40F-824E-4634-8AB1-1B4DB5FD9379}.Debug|Any CPU.ActiveCfg = Debug|Any CPU
		{6311E40F-824E-4634-8AB1-1B4DB5FD9379}.Debug|Any CPU.Build.0 = Debug|Any CPU
		{6311E40F-824E-4634-8AB1-1B4DB5FD9379}.Release|Any CPU.ActiveCfg = Release|Any CPU
		{6311E40F-824E-4634-8AB1-1B4DB5FD9379}.Release|Any CPU.Build.0 = Release|Any CPU
		{83E84AD0-AA58-40F2-93D7-A5AE381D8F15}.Debug|Any CPU.ActiveCfg = Debug|Any CPU
		{83E84AD0-AA58-40F2-93D7-A5AE381D8F15}.Debug|Any CPU.Build.0 = Debug|Any CPU
		{83E84AD0-AA58-40F2-93D7-A5AE381D8F15}.Release|Any CPU.ActiveCfg = Release|Any CPU
		{83E84AD0-AA58-40F2-93D7-A5AE381D8F15}.Release|Any CPU.Build.0 = Release|Any CPU
		{574F1D50-44F6-453C-B36E-F9067EF5A938}.Debug|Any CPU.ActiveCfg = Debug|Any CPU
		{574F1D50-44F6-453C-B36E-F9067EF5A938}.Debug|Any CPU.Build.0 = Debug|Any CPU
		{574F1D50-44F6-453C-B36E-F9067EF5A938}.Release|Any CPU.ActiveCfg = Release|Any CPU
		{574F1D50-44F6-453C-B36E-F9067EF5A938}.Release|Any CPU.Build.0 = Release|Any CPU
		{5FCF0FB2-3C53-4CC5-8383-89888422D40C}.Debug|Any CPU.ActiveCfg = Debug|Any CPU
		{5FCF0FB2-3C53-4CC5-8383-89888422D40C}.Debug|Any CPU.Build.0 = Debug|Any CPU
		{5FCF0FB2-3C53-4CC5-8383-89888422D40C}.Release|Any CPU.ActiveCfg = Release|Any CPU
		{5FCF0FB2-3C53-4CC5-8383-89888422D40C}.Release|Any CPU.Build.0 = Release|Any CPU
		{4E04FB08-075D-4E83-8644-B0A5382E78EF}.Debug|Any CPU.ActiveCfg = Debug|Any CPU
		{4E04FB08-075D-4E83-8644-B0A5382E78EF}.Debug|Any CPU.Build.0 = Debug|Any CPU
		{4E04FB08-075D-4E83-8644-B0A5382E78EF}.Release|Any CPU.ActiveCfg = Release|Any CPU
		{4E04FB08-075D-4E83-8644-B0A5382E78EF}.Release|Any CPU.Build.0 = Release|Any CPU
	EndGlobalSection
	GlobalSection(SolutionProperties) = preSolution
		HideSolutionNode = FALSE
	EndGlobalSection
	GlobalSection(NestedProjects) = preSolution
		{574F1D50-44F6-453C-B36E-F9067EF5A938} = {ED8079DD-2B06-4030-9F0F-DC548F98E1C4}
	EndGlobalSection
	GlobalSection(ExtensibilityGlobals) = postSolution
		SolutionGuid = {9736134F-933C-4B51-86E2-E1608CCA9423}
	EndGlobalSection
EndGlobal
