Microsoft Visual Studio Solution File, Format Version 12.00
# Visual Studio 15
VisualStudioVersion = 15.0.26730.12
MinimumVisualStudioVersion = 10.0.40219.1
Project("{2150E333-8FDC-42A3-9474-1A3956D46DE8}") = ".paket", ".paket", "{63297B98-5CED-492C-A5B7-A5B4F73CF142}"
	ProjectSection(SolutionItems) = preProject
		paket.dependencies = paket.dependencies
		paket.lock = paket.lock
	EndProjectSection
EndProject
Project("{F2A71F9B-5D33-465A-A702-920D77279786}") = "Akkling", "src\Akkling\Akkling.fsproj", "{D38228D5-EC7F-454E-9F54-AB5CA0AD2DA0}"
EndProject
Project("{2150E333-8FDC-42A3-9474-1A3956D46DE8}") = "project", "project", "{BF60BC93-E09B-4E5F-9D85-95A519479D54}"
	ProjectSection(SolutionItems) = preProject
		build.fsx = build.fsx
		README.md = README.md
		RELEASE_NOTES.md = RELEASE_NOTES.md
	EndProjectSection
EndProject
Project("{2150E333-8FDC-42A3-9474-1A3956D46DE8}") = "tests", "tests", "{ED8079DD-2B06-4030-9F0F-DC548F98E1C4}"
EndProject
Project("{F2A71F9B-5D33-465A-A702-920D77279786}") = "Akkling.Tests", "tests\Akkling.Tests\Akkling.Tests.fsproj", "{676BFE34-0104-48EB-80D3-1239C7FC41D3}"
EndProject
Project("{F2A71F9B-5D33-465A-A702-920D77279786}") = "Akkling.Persistence", "src\Akkling.Persistence\Akkling.Persistence.fsproj", "{D89D1ECD-F38C-48C9-ADE9-1BAB5BECE19F}"
EndProject
Project("{2150E333-8FDC-42A3-9474-1A3956D46DE8}") = "examples", "examples", "{8CC185AC-1D97-41F9-BBF1-09D892CA18B9}"
	ProjectSection(SolutionItems) = preProject
		examples\at-least-once-delivery.fsx = examples\at-least-once-delivery.fsx
		examples\basic.fsx = examples\basic.fsx
		examples\cluster-nodes-status.fsx = examples\cluster-nodes-status.fsx
		examples\cluster-sharding.fsx = examples\cluster-sharding.fsx
		examples\dist-pub-sub.fsx = examples\dist-pub-sub.fsx
		examples\distributed-data.fsx = examples\distributed-data.fsx
		examples\io.fsx = examples\io.fsx
		examples\lifecycle.fsx = examples\lifecycle.fsx
		examples\persistence-streams.fsx = examples\persistence-streams.fsx
		examples\persistence.fsx = examples\persistence.fsx
		examples\remote.fsx = examples\remote.fsx
		examples\streams.fsx = examples\streams.fsx
	EndProjectSection
EndProject
Project("{F2A71F9B-5D33-465A-A702-920D77279786}") = "Akkling.TestKit", "src\Akkling.TestKit\Akkling.TestKit.fsproj", "{CC4AB773-A6A2-48B3-B91B-A42D987D9091}"
EndProject
Project("{F2A71F9B-5D33-465A-A702-920D77279786}") = "Akkling.Cluster.Sharding", "src\Akkling.Cluster.Sharding\Akkling.Cluster.Sharding.fsproj", "{88387857-C31E-47F8-B377-11AA78D7CE71}"
EndProject
Project("{F2A71F9B-5D33-465A-A702-920D77279786}") = "Akkling.Streams", "src\Akkling.Streams\Akkling.Streams.fsproj", "{C82EE095-9C29-484F-8049-E8AE18CF807C}"
EndProject
Project("{F2A71F9B-5D33-465A-A702-920D77279786}") = "Akkling.DistributedData", "src\Akkling.DistributedData\Akkling.DistributedData.fsproj", "{1D8FB9B3-E709-462E-BD3E-CB0BD774A5B7}"
EndProject
Global
	GlobalSection(SolutionConfigurationPlatforms) = preSolution
		Debug|Any CPU = Debug|Any CPU
		Release|Any CPU = Release|Any CPU
	EndGlobalSection
	GlobalSection(ProjectConfigurationPlatforms) = postSolution
		{D38228D5-EC7F-454E-9F54-AB5CA0AD2DA0}.Debug|Any CPU.ActiveCfg = Debug|Any CPU
		{D38228D5-EC7F-454E-9F54-AB5CA0AD2DA0}.Debug|Any CPU.Build.0 = Debug|Any CPU
		{D38228D5-EC7F-454E-9F54-AB5CA0AD2DA0}.Release|Any CPU.ActiveCfg = Release|Any CPU
		{D38228D5-EC7F-454E-9F54-AB5CA0AD2DA0}.Release|Any CPU.Build.0 = Release|Any CPU
		{676BFE34-0104-48EB-80D3-1239C7FC41D3}.Debug|Any CPU.ActiveCfg = Debug|Any CPU
		{676BFE34-0104-48EB-80D3-1239C7FC41D3}.Debug|Any CPU.Build.0 = Debug|Any CPU
		{676BFE34-0104-48EB-80D3-1239C7FC41D3}.Release|Any CPU.ActiveCfg = Release|Any CPU
		{676BFE34-0104-48EB-80D3-1239C7FC41D3}.Release|Any CPU.Build.0 = Release|Any CPU
		{D89D1ECD-F38C-48C9-ADE9-1BAB5BECE19F}.Debug|Any CPU.ActiveCfg = Debug|Any CPU
		{D89D1ECD-F38C-48C9-ADE9-1BAB5BECE19F}.Debug|Any CPU.Build.0 = Debug|Any CPU
		{D89D1ECD-F38C-48C9-ADE9-1BAB5BECE19F}.Release|Any CPU.ActiveCfg = Release|Any CPU
		{D89D1ECD-F38C-48C9-ADE9-1BAB5BECE19F}.Release|Any CPU.Build.0 = Release|Any CPU
		{CC4AB773-A6A2-48B3-B91B-A42D987D9091}.Debug|Any CPU.ActiveCfg = Debug|Any CPU
		{CC4AB773-A6A2-48B3-B91B-A42D987D9091}.Debug|Any CPU.Build.0 = Debug|Any CPU
		{CC4AB773-A6A2-48B3-B91B-A42D987D9091}.Release|Any CPU.ActiveCfg = Release|Any CPU
		{CC4AB773-A6A2-48B3-B91B-A42D987D9091}.Release|Any CPU.Build.0 = Release|Any CPU
		{88387857-C31E-47F8-B377-11AA78D7CE71}.Debug|Any CPU.ActiveCfg = Debug|Any CPU
		{88387857-C31E-47F8-B377-11AA78D7CE71}.Debug|Any CPU.Build.0 = Debug|Any CPU
		{88387857-C31E-47F8-B377-11AA78D7CE71}.Release|Any CPU.ActiveCfg = Release|Any CPU
		{88387857-C31E-47F8-B377-11AA78D7CE71}.Release|Any CPU.Build.0 = Release|Any CPU
		{C82EE095-9C29-484F-8049-E8AE18CF807C}.Debug|Any CPU.ActiveCfg = Debug|Any CPU
		{C82EE095-9C29-484F-8049-E8AE18CF807C}.Debug|Any CPU.Build.0 = Debug|Any CPU
		{C82EE095-9C29-484F-8049-E8AE18CF807C}.Release|Any CPU.ActiveCfg = Release|Any CPU
		{C82EE095-9C29-484F-8049-E8AE18CF807C}.Release|Any CPU.Build.0 = Release|Any CPU
		{1D8FB9B3-E709-462E-BD3E-CB0BD774A5B7}.Debug|Any CPU.ActiveCfg = Debug|Any CPU
		{1D8FB9B3-E709-462E-BD3E-CB0BD774A5B7}.Debug|Any CPU.Build.0 = Debug|Any CPU
		{1D8FB9B3-E709-462E-BD3E-CB0BD774A5B7}.Release|Any CPU.ActiveCfg = Release|Any CPU
		{1D8FB9B3-E709-462E-BD3E-CB0BD774A5B7}.Release|Any CPU.Build.0 = Release|Any CPU
	EndGlobalSection
	GlobalSection(SolutionProperties) = preSolution
		HideSolutionNode = FALSE
	EndGlobalSection
	GlobalSection(NestedProjects) = preSolution
		{676BFE34-0104-48EB-80D3-1239C7FC41D3} = {ED8079DD-2B06-4030-9F0F-DC548F98E1C4}
	EndGlobalSection
	GlobalSection(ExtensibilityGlobals) = postSolution
		SolutionGuid = {9736134F-933C-4B51-86E2-E1608CCA9423}
	EndGlobalSection
EndGlobal
